{
  "pins" : [
    {
      "identity" : "input-source-manager",
      "kind" : "remoteSourceControl",
      "location" : "https://github.com/robinlieb/input-source-manager",
      "state" : {
        "branch" : "main",
        "revision" : "a7afd82f1d610cde4bc2ce5a5eb56c2a0cfc6e33"
      }
    },
    {
      "identity" : "swift-argument-parser",
      "kind" : "remoteSourceControl",
      "location" : "https://github.com/apple/swift-argument-parser",
      "state" : {
        "revision" : "82905286cc3f0fa8adc4674bf49437cab65a8373",
        "version" : "1.1.1"
      }
    }
  ],
  "version" : 2
}
